
Microsoft Visual Studio Solution File, Format Version 12.00
# Visual Studio Version 16
VisualStudioVersion = 16.0.33027.164
MinimumVisualStudioVersion = 10.0.40219.1
Project("{FAE04EC0-301F-11D3-BF4B-00C04F79EFBC}") = "IMCApp.Android", "IMCApp\IMCApp.Android\IMCApp.Android.csproj", "{8D6CEDE3-300D-4099-A419-6762DE3A3911}"
EndProject
Project("{FAE04EC0-301F-11D3-BF4B-00C04F79EFBC}") = "IMCApp", "IMCApp\IMCApp\IMCApp.csproj", "{906B8380-8050-4807-9F34-650C01AA0484}"
EndProject
Global
	GlobalSection(SolutionConfigurationPlatforms) = preSolution
		Debug|Any CPU = Debug|Any CPU
		Release|Any CPU = Release|Any CPU
	EndGlobalSection
	GlobalSection(ProjectConfigurationPlatforms) = postSolution
		{8D6CEDE3-300D-4099-A419-6762DE3A3911}.Debug|Any CPU.ActiveCfg = Debug|Any CPU
		{8D6CEDE3-300D-4099-A419-6762DE3A3911}.Debug|Any CPU.Build.0 = Debug|Any CPU
		{8D6CEDE3-300D-4099-A419-6762DE3A3911}.Debug|Any CPU.Deploy.0 = Debug|Any CPU
		{8D6CEDE3-300D-4099-A419-6762DE3A3911}.Release|Any CPU.ActiveCfg = Release|Any CPU
		{8D6CEDE3-300D-4099-A419-6762DE3A3911}.Release|Any CPU.Build.0 = Release|Any CPU
		{8D6CEDE3-300D-4099-A419-6762DE3A3911}.Release|Any CPU.Deploy.0 = Release|Any CPU
		{906B8380-8050-4807-9F34-650C01AA0484}.Debug|Any CPU.ActiveCfg = Debug|Any CPU
		{906B8380-8050-4807-9F34-650C01AA0484}.Debug|Any CPU.Build.0 = Debug|Any CPU
		{906B8380-8050-4807-9F34-650C01AA0484}.Debug|Any CPU.Deploy.0 = Debug|Any CPU
		{906B8380-8050-4807-9F34-650C01AA0484}.Release|Any CPU.ActiveCfg = Release|Any CPU
		{906B8380-8050-4807-9F34-650C01AA0484}.Release|Any CPU.Build.0 = Release|Any CPU
		{906B8380-8050-4807-9F34-650C01AA0484}.Release|Any CPU.Deploy.0 = Release|Any CPU
	EndGlobalSection
	GlobalSection(SolutionProperties) = preSolution
		HideSolutionNode = FALSE
	EndGlobalSection
	GlobalSection(ExtensibilityGlobals) = postSolution
		SolutionGuid = {1B3F1827-2C91-4AC9-9DB8-FF55CABC06A1}
	EndGlobalSection
EndGlobal
